// !$*UTF8*$!
{
	archiveVersion = 1;
	classes = {
	};
	objectVersion = 55;
	objects = {

/* Begin PBXBuildFile section */
		3D8F480027D39ACF00D83B7B /* AppDelegate.m in Sources */ = {isa = PBXBuildFile; fileRef = 3D8F47FF27D39ACF00D83B7B /* AppDelegate.m */; };
		3D8F480327D39ACF00D83B7B /* SceneDelegate.m in Sources */ = {isa = PBXBuildFile; fileRef = 3D8F480227D39ACF00D83B7B /* SceneDelegate.m */; };
		3D8F480627D39ACF00D83B7B /* ViewController.m in Sources */ = {isa = PBXBuildFile; fileRef = 3D8F480527D39ACF00D83B7B /* ViewController.m */; };
		3D8F480927D39ACF00D83B7B /* Main.storyboard in Resources */ = {isa = PBXBuildFile; fileRef = 3D8F480727D39ACF00D83B7B /* Main.storyboard */; };
		3D8F480B27D39AD100D83B7B /* Assets.xcassets in Resources */ = {isa = PBXBuildFile; fileRef = 3D8F480A27D39AD100D83B7B /* Assets.xcassets */; };
		3D8F480E27D39AD100D83B7B /* LaunchScreen.storyboard in Resources */ = {isa = PBXBuildFile; fileRef = 3D8F480C27D39AD100D83B7B /* LaunchScreen.storyboard */; };
		3D8F481127D39AD100D83B7B /* main.m in Sources */ = {isa = PBXBuildFile; fileRef = 3D8F481027D39AD100D83B7B /* main.m */; };
		3D8F481B27D39AD100D83B7B /* LQLoopViewTests.m in Sources */ = {isa = PBXBuildFile; fileRef = 3D8F481A27D39AD100D83B7B /* LQLoopViewTests.m */; };
		3D8F482527D39AD200D83B7B /* LQLoopViewUITests.m in Sources */ = {isa = PBXBuildFile; fileRef = 3D8F482427D39AD200D83B7B /* LQLoopViewUITests.m */; };
		3D8F482727D39AD200D83B7B /* LQLoopViewUITestsLaunchTests.m in Sources */ = {isa = PBXBuildFile; fileRef = 3D8F482627D39AD200D83B7B /* LQLoopViewUITestsLaunchTests.m */; };
		3D8F483627D39AE900D83B7B /* LQLoopView.m in Sources */ = {isa = PBXBuildFile; fileRef = 3D8F483527D39AE900D83B7B /* LQLoopView.m */; };
		3D8F483A27D3AA6F00D83B7B /* LQLoopModel.m in Sources */ = {isa = PBXBuildFile; fileRef = 3D8F483927D3AA6F00D83B7B /* LQLoopModel.m */; };
		3D8F483D27D3AA8900D83B7B /* LQLoopCollectionViewCell.m in Sources */ = {isa = PBXBuildFile; fileRef = 3D8F483C27D3AA8900D83B7B /* LQLoopCollectionViewCell.m */; };
		3D8F484027D3AC5100D83B7B /* TestViewController.m in Sources */ = {isa = PBXBuildFile; fileRef = 3D8F483F27D3AC5100D83B7B /* TestViewController.m */; };
		3D8F484527D3B12D00D83B7B /* findCar_topBanner04@2x.png in Resources */ = {isa = PBXBuildFile; fileRef = 3D8F484127D3B12D00D83B7B /* findCar_topBanner04@2x.png */; };
		3D8F484627D3B12D00D83B7B /* findCar_topBanner01@2x.png in Resources */ = {isa = PBXBuildFile; fileRef = 3D8F484227D3B12D00D83B7B /* findCar_topBanner01@2x.png */; };
		3D8F484727D3B12D00D83B7B /* findCar_topBanner02@2x.png in Resources */ = {isa = PBXBuildFile; fileRef = 3D8F484327D3B12D00D83B7B /* findCar_topBanner02@2x.png */; };
		3D8F484827D3B12D00D83B7B /* findCar_topBanner03@2x.png in Resources */ = {isa = PBXBuildFile; fileRef = 3D8F484427D3B12D00D83B7B /* findCar_topBanner03@2x.png */; };
/* End PBXBuildFile section */

/* Begin PBXContainerItemProxy section */
		3D8F481727D39AD100D83B7B /* PBXContainerItemProxy */ = {
			isa = PBXContainerItemProxy;
			containerPortal = 3D8F47F327D39ACF00D83B7B /* Project object */;
			proxyType = 1;
			remoteGlobalIDString = 3D8F47FA27D39ACF00D83B7B;
			remoteInfo = LQLoopView;
		};
		3D8F482127D39AD200D83B7B /* PBXContainerItemProxy */ = {
			isa = PBXContainerItemProxy;
			containerPortal = 3D8F47F327D39ACF00D83B7B /* Project object */;
			proxyType = 1;
			remoteGlobalIDString = 3D8F47FA27D39ACF00D83B7B;
			remoteInfo = LQLoopView;
		};
/* End PBXContainerItemProxy section */

/* Begin PBXFileReference section */
		3D8F47FB27D39ACF00D83B7B /* LQLoopView.app */ = {isa = PBXFileReference; explicitFileType = wrapper.application; includeInIndex = 0; path = LQLoopView.app; sourceTree = BUILT_PRODUCTS_DIR; };
		3D8F47FE27D39ACF00D83B7B /* AppDelegate.h */ = {isa = PBXFileReference; lastKnownFileType = sourcecode.c.h; path = AppDelegate.h; sourceTree = "<group>"; };
		3D8F47FF27D39ACF00D83B7B /* AppDelegate.m */ = {isa = PBXFileReference; lastKnownFileType = sourcecode.c.objc; path = AppDelegate.m; sourceTree = "<group>"; };
		3D8F480127D39ACF00D83B7B /* SceneDelegate.h */ = {isa = PBXFileReference; lastKnownFileType = sourcecode.c.h; path = SceneDelegate.h; sourceTree = "<group>"; };
		3D8F480227D39ACF00D83B7B /* SceneDelegate.m */ = {isa = PBXFileReference; lastKnownFileType = sourcecode.c.objc; path = SceneDelegate.m; sourceTree = "<group>"; };
		3D8F480427D39ACF00D83B7B /* ViewController.h */ = {isa = PBXFileReference; lastKnownFileType = sourcecode.c.h; path = ViewController.h; sourceTree = "<group>"; };
		3D8F480527D39ACF00D83B7B /* ViewController.m */ = {isa = PBXFileReference; lastKnownFileType = sourcecode.c.objc; path = ViewController.m; sourceTree = "<group>"; };
		3D8F480827D39ACF00D83B7B /* Base */ = {isa = PBXFileReference; lastKnownFileType = file.storyboard; name = Base; path = Base.lproj/Main.storyboard; sourceTree = "<group>"; };
		3D8F480A27D39AD100D83B7B /* Assets.xcassets */ = {isa = PBXFileReference; lastKnownFileType = folder.assetcatalog; path = Assets.xcassets; sourceTree = "<group>"; };
		3D8F480D27D39AD100D83B7B /* Base */ = {isa = PBXFileReference; lastKnownFileType = file.storyboard; name = Base; path = Base.lproj/LaunchScreen.storyboard; sourceTree = "<group>"; };
		3D8F480F27D39AD100D83B7B /* Info.plist */ = {isa = PBXFileReference; lastKnownFileType = text.plist.xml; path = Info.plist; sourceTree = "<group>"; };
		3D8F481027D39AD100D83B7B /* main.m */ = {isa = PBXFileReference; lastKnownFileType = sourcecode.c.objc; path = main.m; sourceTree = "<group>"; };
		3D8F481627D39AD100D83B7B /* LQLoopViewTests.xctest */ = {isa = PBXFileReference; explicitFileType = wrapper.cfbundle; includeInIndex = 0; path = LQLoopViewTests.xctest; sourceTree = BUILT_PRODUCTS_DIR; };
		3D8F481A27D39AD100D83B7B /* LQLoopViewTests.m */ = {isa = PBXFileReference; lastKnownFileType = sourcecode.c.objc; path = LQLoopViewTests.m; sourceTree = "<group>"; };
		3D8F482027D39AD200D83B7B /* LQLoopViewUITests.xctest */ = {isa = PBXFileReference; explicitFileType = wrapper.cfbundle; includeInIndex = 0; path = LQLoopViewUITests.xctest; sourceTree = BUILT_PRODUCTS_DIR; };
		3D8F482427D39AD200D83B7B /* LQLoopViewUITests.m */ = {isa = PBXFileReference; lastKnownFileType = sourcecode.c.objc; path = LQLoopViewUITests.m; sourceTree = "<group>"; };
		3D8F482627D39AD200D83B7B /* LQLoopViewUITestsLaunchTests.m */ = {isa = PBXFileReference; lastKnownFileType = sourcecode.c.objc; path = LQLoopViewUITestsLaunchTests.m; sourceTree = "<group>"; };
		3D8F483427D39AE900D83B7B /* LQLoopView.h */ = {isa = PBXFileReference; lastKnownFileType = sourcecode.c.h; path = LQLoopView.h; sourceTree = "<group>"; };
		3D8F483527D39AE900D83B7B /* LQLoopView.m */ = {isa = PBXFileReference; lastKnownFileType = sourcecode.c.objc; path = LQLoopView.m; sourceTree = "<group>"; };
		3D8F483727D39CA100D83B7B /* LQLoopViewProtocol.h */ = {isa = PBXFileReference; lastKnownFileType = sourcecode.c.h; path = LQLoopViewProtocol.h; sourceTree = "<group>"; };
		3D8F483827D3AA6F00D83B7B /* LQLoopModel.h */ = {isa = PBXFileReference; lastKnownFileType = sourcecode.c.h; path = LQLoopModel.h; sourceTree = "<group>"; };
		3D8F483927D3AA6F00D83B7B /* LQLoopModel.m */ = {isa = PBXFileReference; lastKnownFileType = sourcecode.c.objc; path = LQLoopModel.m; sourceTree = "<group>"; };
		3D8F483B27D3AA8900D83B7B /* LQLoopCollectionViewCell.h */ = {isa = PBXFileReference; lastKnownFileType = sourcecode.c.h; path = LQLoopCollectionViewCell.h; sourceTree = "<group>"; };
		3D8F483C27D3AA8900D83B7B /* LQLoopCollectionViewCell.m */ = {isa = PBXFileReference; lastKnownFileType = sourcecode.c.objc; path = LQLoopCollectionViewCell.m; sourceTree = "<group>"; };
		3D8F483E27D3AC5100D83B7B /* TestViewController.h */ = {isa = PBXFileReference; lastKnownFileType = sourcecode.c.h; path = TestViewController.h; sourceTree = "<group>"; };
		3D8F483F27D3AC5100D83B7B /* TestViewController.m */ = {isa = PBXFileReference; lastKnownFileType = sourcecode.c.objc; path = TestViewController.m; sourceTree = "<group>"; };
		3D8F484127D3B12D00D83B7B /* findCar_topBanner04@2x.png */ = {isa = PBXFileReference; lastKnownFileType = image.png; path = "findCar_topBanner04@2x.png"; sourceTree = "<group>"; };
		3D8F484227D3B12D00D83B7B /* findCar_topBanner01@2x.png */ = {isa = PBXFileReference; lastKnownFileType = image.png; path = "findCar_topBanner01@2x.png"; sourceTree = "<group>"; };
		3D8F484327D3B12D00D83B7B /* findCar_topBanner02@2x.png */ = {isa = PBXFileReference; lastKnownFileType = image.png; path = "findCar_topBanner02@2x.png"; sourceTree = "<group>"; };
		3D8F484427D3B12D00D83B7B /* findCar_topBanner03@2x.png */ = {isa = PBXFileReference; lastKnownFileType = image.png; path = "findCar_topBanner03@2x.png"; sourceTree = "<group>"; };
/* End PBXFileReference section */

/* Begin PBXFrameworksBuildPhase section */
		3D8F47F827D39ACF00D83B7B /* Frameworks */ = {
			isa = PBXFrameworksBuildPhase;
			buildActionMask = 2147483647;
			files = (
			);
			runOnlyForDeploymentPostprocessing = 0;
		};
		3D8F481327D39AD100D83B7B /* Frameworks */ = {
			isa = PBXFrameworksBuildPhase;
			buildActionMask = 2147483647;
			files = (
			);
			runOnlyForDeploymentPostprocessing = 0;
		};
		3D8F481D27D39AD200D83B7B /* Frameworks */ = {
			isa = PBXFrameworksBuildPhase;
			buildActionMask = 2147483647;
			files = (
			);
			runOnlyForDeploymentPostprocessing = 0;
		};
/* End PBXFrameworksBuildPhase section */

/* Begin PBXGroup section */
		3D8F47F227D39ACF00D83B7B = {
			isa = PBXGroup;
			children = (
				3D8F47FD27D39ACF00D83B7B /* LQLoopView */,
				3D8F481927D39AD100D83B7B /* LQLoopViewTests */,
				3D8F482327D39AD200D83B7B /* LQLoopViewUITests */,
				3D8F47FC27D39ACF00D83B7B /* Products */,
			);
			sourceTree = "<group>";
		};
		3D8F47FC27D39ACF00D83B7B /* Products */ = {
			isa = PBXGroup;
			children = (
				3D8F47FB27D39ACF00D83B7B /* LQLoopView.app */,
				3D8F481627D39AD100D83B7B /* LQLoopViewTests.xctest */,
				3D8F482027D39AD200D83B7B /* LQLoopViewUITests.xctest */,
			);
			name = Products;
			sourceTree = "<group>";
		};
		3D8F47FD27D39ACF00D83B7B /* LQLoopView */ = {
			isa = PBXGroup;
			children = (
				3D8F483327D39ADC00D83B7B /* LQLoopView */,
				3D8F47FE27D39ACF00D83B7B /* AppDelegate.h */,
				3D8F47FF27D39ACF00D83B7B /* AppDelegate.m */,
				3D8F480127D39ACF00D83B7B /* SceneDelegate.h */,
				3D8F480227D39ACF00D83B7B /* SceneDelegate.m */,
				3D8F480427D39ACF00D83B7B /* ViewController.h */,
				3D8F480527D39ACF00D83B7B /* ViewController.m */,
				3D8F483E27D3AC5100D83B7B /* TestViewController.h */,
				3D8F483F27D3AC5100D83B7B /* TestViewController.m */,
				3D8F483827D3AA6F00D83B7B /* LQLoopModel.h */,
				3D8F483927D3AA6F00D83B7B /* LQLoopModel.m */,
				3D8F483B27D3AA8900D83B7B /* LQLoopCollectionViewCell.h */,
				3D8F483C27D3AA8900D83B7B /* LQLoopCollectionViewCell.m */,
				3D8F484227D3B12D00D83B7B /* findCar_topBanner01@2x.png */,
				3D8F484327D3B12D00D83B7B /* findCar_topBanner02@2x.png */,
				3D8F484427D3B12D00D83B7B /* findCar_topBanner03@2x.png */,
				3D8F484127D3B12D00D83B7B /* findCar_topBanner04@2x.png */,
				3D8F480727D39ACF00D83B7B /* Main.storyboard */,
				3D8F480A27D39AD100D83B7B /* Assets.xcassets */,
				3D8F480C27D39AD100D83B7B /* LaunchScreen.storyboard */,
				3D8F480F27D39AD100D83B7B /* Info.plist */,
				3D8F481027D39AD100D83B7B /* main.m */,
			);
			path = LQLoopView;
			sourceTree = "<group>";
		};
		3D8F481927D39AD100D83B7B /* LQLoopViewTests */ = {
			isa = PBXGroup;
			children = (
				3D8F481A27D39AD100D83B7B /* LQLoopViewTests.m */,
			);
			path = LQLoopViewTests;
			sourceTree = "<group>";
		};
		3D8F482327D39AD200D83B7B /* LQLoopViewUITests */ = {
			isa = PBXGroup;
			children = (
				3D8F482427D39AD200D83B7B /* LQLoopViewUITests.m */,
				3D8F482627D39AD200D83B7B /* LQLoopViewUITestsLaunchTests.m */,
			);
			path = LQLoopViewUITests;
			sourceTree = "<group>";
		};
		3D8F483327D39ADC00D83B7B /* LQLoopView */ = {
			isa = PBXGroup;
			children = (
				3D8F483427D39AE900D83B7B /* LQLoopView.h */,
				3D8F483527D39AE900D83B7B /* LQLoopView.m */,
				3D8F483727D39CA100D83B7B /* LQLoopViewProtocol.h */,
			);
			path = LQLoopView;
			sourceTree = "<group>";
		};
/* End PBXGroup section */

/* Begin PBXNativeTarget section */
		3D8F47FA27D39ACF00D83B7B /* LQLoopView */ = {
			isa = PBXNativeTarget;
			buildConfigurationList = 3D8F482A27D39AD200D83B7B /* Build configuration list for PBXNativeTarget "LQLoopView" */;
			buildPhases = (
				3D8F47F727D39ACF00D83B7B /* Sources */,
				3D8F47F827D39ACF00D83B7B /* Frameworks */,
				3D8F47F927D39ACF00D83B7B /* Resources */,
			);
			buildRules = (
			);
			dependencies = (
			);
			name = LQLoopView;
			productName = LQLoopView;
			productReference = 3D8F47FB27D39ACF00D83B7B /* LQLoopView.app */;
			productType = "com.apple.product-type.application";
		};
		3D8F481527D39AD100D83B7B /* LQLoopViewTests */ = {
			isa = PBXNativeTarget;
			buildConfigurationList = 3D8F482D27D39AD200D83B7B /* Build configuration list for PBXNativeTarget "LQLoopViewTests" */;
			buildPhases = (
				3D8F481227D39AD100D83B7B /* Sources */,
				3D8F481327D39AD100D83B7B /* Frameworks */,
				3D8F481427D39AD100D83B7B /* Resources */,
			);
			buildRules = (
			);
			dependencies = (
				3D8F481827D39AD100D83B7B /* PBXTargetDependency */,
			);
			name = LQLoopViewTests;
			productName = LQLoopViewTests;
			productReference = 3D8F481627D39AD100D83B7B /* LQLoopViewTests.xctest */;
			productType = "com.apple.product-type.bundle.unit-test";
		};
		3D8F481F27D39AD200D83B7B /* LQLoopViewUITests */ = {
			isa = PBXNativeTarget;
			buildConfigurationList = 3D8F483027D39AD200D83B7B /* Build configuration list for PBXNativeTarget "LQLoopViewUITests" */;
			buildPhases = (
				3D8F481C27D39AD200D83B7B /* Sources */,
				3D8F481D27D39AD200D83B7B /* Frameworks */,
				3D8F481E27D39AD200D83B7B /* Resources */,
			);
			buildRules = (
			);
			dependencies = (
				3D8F482227D39AD200D83B7B /* PBXTargetDependency */,
			);
			name = LQLoopViewUITests;
			productName = LQLoopViewUITests;
			productReference = 3D8F482027D39AD200D83B7B /* LQLoopViewUITests.xctest */;
			productType = "com.apple.product-type.bundle.ui-testing";
		};
/* End PBXNativeTarget section */

/* Begin PBXProject section */
		3D8F47F327D39ACF00D83B7B /* Project object */ = {
			isa = PBXProject;
			attributes = {
				BuildIndependentTargetsInParallel = 1;
				LastUpgradeCheck = 1320;
				TargetAttributes = {
					3D8F47FA27D39ACF00D83B7B = {
						CreatedOnToolsVersion = 13.2.1;
					};
					3D8F481527D39AD100D83B7B = {
						CreatedOnToolsVersion = 13.2.1;
						TestTargetID = 3D8F47FA27D39ACF00D83B7B;
					};
					3D8F481F27D39AD200D83B7B = {
						CreatedOnToolsVersion = 13.2.1;
						TestTargetID = 3D8F47FA27D39ACF00D83B7B;
					};
				};
			};
			buildConfigurationList = 3D8F47F627D39ACF00D83B7B /* Build configuration list for PBXProject "LQLoopView" */;
			compatibilityVersion = "Xcode 13.0";
			developmentRegion = en;
			hasScannedForEncodings = 0;
			knownRegions = (
				en,
				Base,
			);
			mainGroup = 3D8F47F227D39ACF00D83B7B;
			productRefGroup = 3D8F47FC27D39ACF00D83B7B /* Products */;
			projectDirPath = "";
			projectRoot = "";
			targets = (
				3D8F47FA27D39ACF00D83B7B /* LQLoopView */,
				3D8F481527D39AD100D83B7B /* LQLoopViewTests */,
				3D8F481F27D39AD200D83B7B /* LQLoopViewUITests */,
			);
		};
/* End PBXProject section */

/* Begin PBXResourcesBuildPhase section */
		3D8F47F927D39ACF00D83B7B /* Resources */ = {
			isa = PBXResourcesBuildPhase;
			buildActionMask = 2147483647;
			files = (
				3D8F480E27D39AD100D83B7B /* LaunchScreen.storyboard in Resources */,
				3D8F484627D3B12D00D83B7B /* findCar_topBanner01@2x.png in Resources */,
				3D8F484727D3B12D00D83B7B /* findCar_topBanner02@2x.png in Resources */,
				3D8F480B27D39AD100D83B7B /* Assets.xcassets in Resources */,
				3D8F484827D3B12D00D83B7B /* findCar_topBanner03@2x.png in Resources */,
				3D8F484527D3B12D00D83B7B /* findCar_topBanner04@2x.png in Resources */,
				3D8F480927D39ACF00D83B7B /* Main.storyboard in Resources */,
			);
			runOnlyForDeploymentPostprocessing = 0;
		};
		3D8F481427D39AD100D83B7B /* Resources */ = {
			isa = PBXResourcesBuildPhase;
			buildActionMask = 2147483647;
			files = (
			);
			runOnlyForDeploymentPostprocessing = 0;
		};
		3D8F481E27D39AD200D83B7B /* Resources */ = {
			isa = PBXResourcesBuildPhase;
			buildActionMask = 2147483647;
			files = (
			);
			runOnlyForDeploymentPostprocessing = 0;
		};
/* End PBXResourcesBuildPhase section */

/* Begin PBXSourcesBuildPhase section */
		3D8F47F727D39ACF00D83B7B /* Sources */ = {
			isa = PBXSourcesBuildPhase;
			buildActionMask = 2147483647;
			files = (
				3D8F480627D39ACF00D83B7B /* ViewController.m in Sources */,
				3D8F480027D39ACF00D83B7B /* AppDelegate.m in Sources */,
				3D8F483627D39AE900D83B7B /* LQLoopView.m in Sources */,
				3D8F481127D39AD100D83B7B /* main.m in Sources */,
				3D8F483A27D3AA6F00D83B7B /* LQLoopModel.m in Sources */,
				3D8F483D27D3AA8900D83B7B /* LQLoopCollectionViewCell.m in Sources */,
				3D8F484027D3AC5100D83B7B /* TestViewController.m in Sources */,
				3D8F480327D39ACF00D83B7B /* SceneDelegate.m in Sources */,
			);
			runOnlyForDeploymentPostprocessing = 0;
		};
		3D8F481227D39AD100D83B7B /* Sources */ = {
			isa = PBXSourcesBuildPhase;
			buildActionMask = 2147483647;
			files = (
				3D8F481B27D39AD100D83B7B /* LQLoopViewTests.m in Sources */,
			);
			runOnlyForDeploymentPostprocessing = 0;
		};
		3D8F481C27D39AD200D83B7B /* Sources */ = {
			isa = PBXSourcesBuildPhase;
			buildActionMask = 2147483647;
			files = (
				3D8F482727D39AD200D83B7B /* LQLoopViewUITestsLaunchTests.m in Sources */,
				3D8F482527D39AD200D83B7B /* LQLoopViewUITests.m in Sources */,
			);
			runOnlyForDeploymentPostprocessing = 0;
		};
/* End PBXSourcesBuildPhase section */

/* Begin PBXTargetDependency section */
		3D8F481827D39AD100D83B7B /* PBXTargetDependency */ = {
			isa = PBXTargetDependency;
			target = 3D8F47FA27D39ACF00D83B7B /* LQLoopView */;
			targetProxy = 3D8F481727D39AD100D83B7B /* PBXContainerItemProxy */;
		};
		3D8F482227D39AD200D83B7B /* PBXTargetDependency */ = {
			isa = PBXTargetDependency;
			target = 3D8F47FA27D39ACF00D83B7B /* LQLoopView */;
			targetProxy = 3D8F482127D39AD200D83B7B /* PBXContainerItemProxy */;
		};
/* End PBXTargetDependency section */

/* Begin PBXVariantGroup section */
		3D8F480727D39ACF00D83B7B /* Main.storyboard */ = {
			isa = PBXVariantGroup;
			children = (
				3D8F480827D39ACF00D83B7B /* Base */,
			);
			name = Main.storyboard;
			sourceTree = "<group>";
		};
		3D8F480C27D39AD100D83B7B /* LaunchScreen.storyboard */ = {
			isa = PBXVariantGroup;
			children = (
				3D8F480D27D39AD100D83B7B /* Base */,
			);
			name = LaunchScreen.storyboard;
			sourceTree = "<group>";
		};
/* End PBXVariantGroup section */

/* Begin XCBuildConfiguration section */
		3D8F482827D39AD200D83B7B /* Debug */ = {
			isa = XCBuildConfiguration;
			buildSettings = {
				ALWAYS_SEARCH_USER_PATHS = NO;
				CLANG_ANALYZER_NONNULL = YES;
				CLANG_ANALYZER_NUMBER_OBJECT_CONVERSION = YES_AGGRESSIVE;
				CLANG_CXX_LANGUAGE_STANDARD = "gnu++17";
				CLANG_CXX_LIBRARY = "libc++";
				CLANG_ENABLE_MODULES = YES;
				CLANG_ENABLE_OBJC_ARC = YES;
				CLANG_ENABLE_OBJC_WEAK = YES;
				CLANG_WARN_BLOCK_CAPTURE_AUTORELEASING = YES;
				CLANG_WARN_BOOL_CONVERSION = YES;
				CLANG_WARN_COMMA = YES;
				CLANG_WARN_CONSTANT_CONVERSION = YES;
				CLANG_WARN_DEPRECATED_OBJC_IMPLEMENTATIONS = YES;
				CLANG_WARN_DIRECT_OBJC_ISA_USAGE = YES_ERROR;
				CLANG_WARN_DOCUMENTATION_COMMENTS = YES;
				CLANG_WARN_EMPTY_BODY = YES;
				CLANG_WARN_ENUM_CONVERSION = YES;
				CLANG_WARN_INFINITE_RECURSION = YES;
				CLANG_WARN_INT_CONVERSION = YES;
				CLANG_WARN_NON_LITERAL_NULL_CONVERSION = YES;
				CLANG_WARN_OBJC_IMPLICIT_RETAIN_SELF = YES;
				CLANG_WARN_OBJC_LITERAL_CONVERSION = YES;
				CLANG_WARN_OBJC_ROOT_CLASS = YES_ERROR;
				CLANG_WARN_QUOTED_INCLUDE_IN_FRAMEWORK_HEADER = YES;
				CLANG_WARN_RANGE_LOOP_ANALYSIS = YES;
				CLANG_WARN_STRICT_PROTOTYPES = YES;
				CLANG_WARN_SUSPICIOUS_MOVE = YES;
				CLANG_WARN_UNGUARDED_AVAILABILITY = YES_AGGRESSIVE;
				CLANG_WARN_UNREACHABLE_CODE = YES;
				CLANG_WARN__DUPLICATE_METHOD_MATCH = YES;
				COPY_PHASE_STRIP = NO;
				DEBUG_INFORMATION_FORMAT = dwarf;
				ENABLE_STRICT_OBJC_MSGSEND = YES;
				ENABLE_TESTABILITY = YES;
				GCC_C_LANGUAGE_STANDARD = gnu11;
				GCC_DYNAMIC_NO_PIC = NO;
				GCC_NO_COMMON_BLOCKS = YES;
				GCC_OPTIMIZATION_LEVEL = 0;
				GCC_PREPROCESSOR_DEFINITIONS = (
					"DEBUG=1",
					"$(inherited)",
				);
				GCC_WARN_64_TO_32_BIT_CONVERSION = YES;
				GCC_WARN_ABOUT_RETURN_TYPE = YES_ERROR;
				GCC_WARN_UNDECLARED_SELECTOR = YES;
				GCC_WARN_UNINITIALIZED_AUTOS = YES_AGGRESSIVE;
				GCC_WARN_UNUSED_FUNCTION = YES;
				GCC_WARN_UNUSED_VARIABLE = YES;
				IPHONEOS_DEPLOYMENT_TARGET = 15.2;
				MTL_ENABLE_DEBUG_INFO = INCLUDE_SOURCE;
				MTL_FAST_MATH = YES;
				ONLY_ACTIVE_ARCH = YES;
				SDKROOT = iphoneos;
			};
			name = Debug;
		};
		3D8F482927D39AD200D83B7B /* Release */ = {
			isa = XCBuildConfiguration;
			buildSettings = {
				ALWAYS_SEARCH_USER_PATHS = NO;
				CLANG_ANALYZER_NONNULL = YES;
				CLANG_ANALYZER_NUMBER_OBJECT_CONVERSION = YES_AGGRESSIVE;
				CLANG_CXX_LANGUAGE_STANDARD = "gnu++17";
				CLANG_CXX_LIBRARY = "libc++";
				CLANG_ENABLE_MODULES = YES;
				CLANG_ENABLE_OBJC_ARC = YES;
				CLANG_ENABLE_OBJC_WEAK = YES;
				CLANG_WARN_BLOCK_CAPTURE_AUTORELEASING = YES;
				CLANG_WARN_BOOL_CONVERSION = YES;
				CLANG_WARN_COMMA = YES;
				CLANG_WARN_CONSTANT_CONVERSION = YES;
				CLANG_WARN_DEPRECATED_OBJC_IMPLEMENTATIONS = YES;
				CLANG_WARN_DIRECT_OBJC_ISA_USAGE = YES_ERROR;
				CLANG_WARN_DOCUMENTATION_COMMENTS = YES;
				CLANG_WARN_EMPTY_BODY = YES;
				CLANG_WARN_ENUM_CONVERSION = YES;
				CLANG_WARN_INFINITE_RECURSION = YES;
				CLANG_WARN_INT_CONVERSION = YES;
				CLANG_WARN_NON_LITERAL_NULL_CONVERSION = YES;
				CLANG_WARN_OBJC_IMPLICIT_RETAIN_SELF = YES;
				CLANG_WARN_OBJC_LITERAL_CONVERSION = YES;
				CLANG_WARN_OBJC_ROOT_CLASS = YES_ERROR;
				CLANG_WARN_QUOTED_INCLUDE_IN_FRAMEWORK_HEADER = YES;
				CLANG_WARN_RANGE_LOOP_ANALYSIS = YES;
				CLANG_WARN_STRICT_PROTOTYPES = YES;
				CLANG_WARN_SUSPICIOUS_MOVE = YES;
				CLANG_WARN_UNGUARDED_AVAILABILITY = YES_AGGRESSIVE;
				CLANG_WARN_UNREACHABLE_CODE = YES;
				CLANG_WARN__DUPLICATE_METHOD_MATCH = YES;
				COPY_PHASE_STRIP = NO;
				DEBUG_INFORMATION_FORMAT = "dwarf-with-dsym";
				ENABLE_NS_ASSERTIONS = NO;
				ENABLE_STRICT_OBJC_MSGSEND = YES;
				GCC_C_LANGUAGE_STANDARD = gnu11;
				GCC_NO_COMMON_BLOCKS = YES;
				GCC_WARN_64_TO_32_BIT_CONVERSION = YES;
				GCC_WARN_ABOUT_RETURN_TYPE = YES_ERROR;
				GCC_WARN_UNDECLARED_SELECTOR = YES;
				GCC_WARN_UNINITIALIZED_AUTOS = YES_AGGRESSIVE;
				GCC_WARN_UNUSED_FUNCTION = YES;
				GCC_WARN_UNUSED_VARIABLE = YES;
				IPHONEOS_DEPLOYMENT_TARGET = 15.2;
				MTL_ENABLE_DEBUG_INFO = NO;
				MTL_FAST_MATH = YES;
				SDKROOT = iphoneos;
				VALIDATE_PRODUCT = YES;
			};
			name = Release;
		};
		3D8F482B27D39AD200D83B7B /* Debug */ = {
			isa = XCBuildConfiguration;
			buildSettings = {
				ASSETCATALOG_COMPILER_APPICON_NAME = AppIcon;
				ASSETCATALOG_COMPILER_GLOBAL_ACCENT_COLOR_NAME = AccentColor;
				CODE_SIGN_STYLE = Automatic;
				CURRENT_PROJECT_VERSION = 1;
				DEVELOPMENT_TEAM = M5AQP3WXJE;
				GENERATE_INFOPLIST_FILE = YES;
				INFOPLIST_FILE = LQLoopView/Info.plist;
				INFOPLIST_KEY_UIApplicationSupportsIndirectInputEvents = YES;
				INFOPLIST_KEY_UILaunchStoryboardName = LaunchScreen;
				INFOPLIST_KEY_UIMainStoryboardFile = Main;
				INFOPLIST_KEY_UISupportedInterfaceOrientations_iPad = "UIInterfaceOrientationPortrait UIInterfaceOrientationPortraitUpsideDown UIInterfaceOrientationLandscapeLeft UIInterfaceOrientationLandscapeRight";
				INFOPLIST_KEY_UISupportedInterfaceOrientations_iPhone = "UIInterfaceOrientationPortrait UIInterfaceOrientationLandscapeLeft UIInterfaceOrientationLandscapeRight";
				IPHONEOS_DEPLOYMENT_TARGET = 13.0;
				LD_RUNPATH_SEARCH_PATHS = (
					"$(inherited)",
					"@executable_path/Frameworks",
				);
				MARKETING_VERSION = 1.0;
				PRODUCT_BUNDLE_IDENTIFIER = Q.ice.LQLoopView;
				PRODUCT_NAME = "$(TARGET_NAME)";
				SWIFT_EMIT_LOC_STRINGS = YES;
				TARGETED_DEVICE_FAMILY = "1,2";
			};
			name = Debug;
		};
		3D8F482C27D39AD200D83B7B /* Release */ = {
			isa = XCBuildConfiguration;
			buildSettings = {
				ASSETCATALOG_COMPILER_APPICON_NAME = AppIcon;
				ASSETCATALOG_COMPILER_GLOBAL_ACCENT_COLOR_NAME = AccentColor;
				CODE_SIGN_STYLE = Automatic;
				CURRENT_PROJECT_VERSION = 1;
				DEVELOPMENT_TEAM = M5AQP3WXJE;
				GENERATE_INFOPLIST_FILE = YES;
				INFOPLIST_FILE = LQLoopView/Info.plist;
				INFOPLIST_KEY_UIApplicationSupportsIndirectInputEvents = YES;
				INFOPLIST_KEY_UILaunchStoryboardName = LaunchScreen;
				INFOPLIST_KEY_UIMainStoryboardFile = Main;
				INFOPLIST_KEY_UISupportedInterfaceOrientations_iPad = "UIInterfaceOrientationPortrait UIInterfaceOrientationPortraitUpsideDown UIInterfaceOrientationLandscapeLeft UIInterfaceOrientationLandscapeRight";
				INFOPLIST_KEY_UISupportedInterfaceOrientations_iPhone = "UIInterfaceOrientationPortrait UIInterfaceOrientationLandscapeLeft UIInterfaceOrientationLandscapeRight";
				IPHONEOS_DEPLOYMENT_TARGET = 13.0;
				LD_RUNPATH_SEARCH_PATHS = (
					"$(inherited)",
					"@executable_path/Frameworks",
				);
				MARKETING_VERSION = 1.0;
				PRODUCT_BUNDLE_IDENTIFIER = Q.ice.LQLoopView;
				PRODUCT_NAME = "$(TARGET_NAME)";
				SWIFT_EMIT_LOC_STRINGS = YES;
				TARGETED_DEVICE_FAMILY = "1,2";
			};
			name = Release;
		};
		3D8F482E27D39AD200D83B7B /* Debug */ = {
			isa = XCBuildConfiguration;
			buildSettings = {
				BUNDLE_LOADER = "$(TEST_HOST)";
				CODE_SIGN_STYLE = Automatic;
				CURRENT_PROJECT_VERSION = 1;
				DEVELOPMENT_TEAM = M5AQP3WXJE;
				GENERATE_INFOPLIST_FILE = YES;
				IPHONEOS_DEPLOYMENT_TARGET = 15.2;
				MARKETING_VERSION = 1.0;
				PRODUCT_BUNDLE_IDENTIFIER = Q.ice.LQLoopViewTests;
				PRODUCT_NAME = "$(TARGET_NAME)";
				SWIFT_EMIT_LOC_STRINGS = NO;
				TARGETED_DEVICE_FAMILY = "1,2";
				TEST_HOST = "$(BUILT_PRODUCTS_DIR)/LQLoopView.app/LQLoopView";
			};
			name = Debug;
		};
		3D8F482F27D39AD200D83B7B /* Release */ = {
			isa = XCBuildConfiguration;
			buildSettings = {
				BUNDLE_LOADER = "$(TEST_HOST)";
				CODE_SIGN_STYLE = Automatic;
				CURRENT_PROJECT_VERSION = 1;
				DEVELOPMENT_TEAM = M5AQP3WXJE;
				GENERATE_INFOPLIST_FILE = YES;
				IPHONEOS_DEPLOYMENT_TARGET = 15.2;
				MARKETING_VERSION = 1.0;
				PRODUCT_BUNDLE_IDENTIFIER = Q.ice.LQLoopViewTests;
				PRODUCT_NAME = "$(TARGET_NAME)";
				SWIFT_EMIT_LOC_STRINGS = NO;
				TARGETED_DEVICE_FAMILY = "1,2";
				TEST_HOST = "$(BUILT_PRODUCTS_DIR)/LQLoopView.app/LQLoopView";
			};
			name = Release;
		};
		3D8F483127D39AD200D83B7B /* Debug */ = {
			isa = XCBuildConfiguration;
			buildSettings = {
				CODE_SIGN_STYLE = Automatic;
				CURRENT_PROJECT_VERSION = 1;
				DEVELOPMENT_TEAM = M5AQP3WXJE;
				GENERATE_INFOPLIST_FILE = YES;
				MARKETING_VERSION = 1.0;
				PRODUCT_BUNDLE_IDENTIFIER = Q.ice.LQLoopViewUITests;
				PRODUCT_NAME = "$(TARGET_NAME)";
				SWIFT_EMIT_LOC_STRINGS = NO;
				TARGETED_DEVICE_FAMILY = "1,2";
				TEST_TARGET_NAME = LQLoopView;
			};
			name = Debug;
		};
		3D8F483227D39AD200D83B7B /* Release */ = {
			isa = XCBuildConfiguration;
			buildSettings = {
				CODE_SIGN_STYLE = Automatic;
				CURRENT_PROJECT_VERSION = 1;
				DEVELOPMENT_TEAM = M5AQP3WXJE;
				GENERATE_INFOPLIST_FILE = YES;
				MARKETING_VERSION = 1.0;
				PRODUCT_BUNDLE_IDENTIFIER = Q.ice.LQLoopViewUITests;
				PRODUCT_NAME = "$(TARGET_NAME)";
				SWIFT_EMIT_LOC_STRINGS = NO;
				TARGETED_DEVICE_FAMILY = "1,2";
				TEST_TARGET_NAME = LQLoopView;
			};
			name = Release;
		};
/* End XCBuildConfiguration section */

/* Begin XCConfigurationList section */
		3D8F47F627D39ACF00D83B7B /* Build configuration list for PBXProject "LQLoopView" */ = {
			isa = XCConfigurationList;
			buildConfigurations = (
				3D8F482827D39AD200D83B7B /* Debug */,
				3D8F482927D39AD200D83B7B /* Release */,
			);
			defaultConfigurationIsVisible = 0;
			defaultConfigurationName = Release;
		};
		3D8F482A27D39AD200D83B7B /* Build configuration list for PBXNativeTarget "LQLoopView" */ = {
			isa = XCConfigurationList;
			buildConfigurations = (
				3D8F482B27D39AD200D83B7B /* Debug */,
				3D8F482C27D39AD200D83B7B /* Release */,
			);
			defaultConfigurationIsVisible = 0;
			defaultConfigurationName = Release;
		};
		3D8F482D27D39AD200D83B7B /* Build configuration list for PBXNativeTarget "LQLoopViewTests" */ = {
			isa = XCConfigurationList;
			buildConfigurations = (
				3D8F482E27D39AD200D83B7B /* Debug */,
				3D8F482F27D39AD200D83B7B /* Release */,
			);
			defaultConfigurationIsVisible = 0;
			defaultConfigurationName = Release;
		};
		3D8F483027D39AD200D83B7B /* Build configuration list for PBXNativeTarget "LQLoopViewUITests" */ = {
			isa = XCConfigurationList;
			buildConfigurations = (
				3D8F483127D39AD200D83B7B /* Debug */,
				3D8F483227D39AD200D83B7B /* Release */,
			);
			defaultConfigurationIsVisible = 0;
			defaultConfigurationName = Release;
		};
/* End XCConfigurationList section */
	};
	rootObject = 3D8F47F327D39ACF00D83B7B /* Project object */;
}
