// !$*UTF8*$!
{
	archiveVersion = 1;
	classes = {
	};
	objectVersion = 46;
	objects = {

/* Begin PBXBuildFile section */
		9127A15E1DE28E4F00E645A2 /* LZTimer.m in Sources */ = {isa = PBXBuildFile; fileRef = 9127A15D1DE28E4F00E645A2 /* LZTimer.m */; };
		91E120CE1DDC5B59005966FA /* main.m in Sources */ = {isa = PBXBuildFile; fileRef = 91E120CD1DDC5B59005966FA /* main.m */; };
		91E120D11DDC5B59005966FA /* AppDelegate.m in Sources */ = {isa = PBXBuildFile; fileRef = 91E120D01DDC5B59005966FA /* AppDelegate.m */; };
		91E120D41DDC5B59005966FA /* ViewController.m in Sources */ = {isa = PBXBuildFile; fileRef = 91E120D31DDC5B59005966FA /* ViewController.m */; };
		91E120D71DDC5B59005966FA /* Main.storyboard in Resources */ = {isa = PBXBuildFile; fileRef = 91E120D51DDC5B59005966FA /* Main.storyboard */; };
		91E120D91DDC5B59005966FA /* Assets.xcassets in Resources */ = {isa = PBXBuildFile; fileRef = 91E120D81DDC5B59005966FA /* Assets.xcassets */; };
		91E120DC1DDC5B59005966FA /* LaunchScreen.storyboard in Resources */ = {isa = PBXBuildFile; fileRef = 91E120DA1DDC5B59005966FA /* LaunchScreen.storyboard */; };
		91E120E71DDC5B59005966FA /* LZLoopView_OCUITests.m in Sources */ = {isa = PBXBuildFile; fileRef = 91E120E61DDC5B59005966FA /* LZLoopView_OCUITests.m */; };
		91E120F41DDC5C00005966FA /* LZLoopView.m in Sources */ = {isa = PBXBuildFile; fileRef = 91E120F31DDC5C00005966FA /* LZLoopView.m */; };
		91E6D6971DDD3CE800685864 /* TestViewController.m in Sources */ = {isa = PBXBuildFile; fileRef = 91E6D6961DDD3CE800685864 /* TestViewController.m */; };
		91E6D69C1DDD3E6100685864 /* findCar_topBanner01@2x.png in Resources */ = {isa = PBXBuildFile; fileRef = 91E6D6981DDD3E6100685864 /* findCar_topBanner01@2x.png */; };
		91E6D69D1DDD3E6100685864 /* findCar_topBanner02@2x.png in Resources */ = {isa = PBXBuildFile; fileRef = 91E6D6991DDD3E6100685864 /* findCar_topBanner02@2x.png */; };
		91E6D69E1DDD3E6100685864 /* findCar_topBanner03@2x.png in Resources */ = {isa = PBXBuildFile; fileRef = 91E6D69A1DDD3E6100685864 /* findCar_topBanner03@2x.png */; };
		91E6D69F1DDD3E6100685864 /* findCar_topBanner04@2x.png in Resources */ = {isa = PBXBuildFile; fileRef = 91E6D69B1DDD3E6100685864 /* findCar_topBanner04@2x.png */; };
		91E6D6A51DDD414800685864 /* LZLoopViewCell.m in Sources */ = {isa = PBXBuildFile; fileRef = 91E6D6A41DDD414800685864 /* LZLoopViewCell.m */; };
/* End PBXBuildFile section */

/* Begin PBXContainerItemProxy section */
		91E120E31DDC5B59005966FA /* PBXContainerItemProxy */ = {
			isa = PBXContainerItemProxy;
			containerPortal = 91E120C11DDC5B59005966FA /* Project object */;
			proxyType = 1;
			remoteGlobalIDString = 91E120C81DDC5B59005966FA;
			remoteInfo = "LZLoopView-OC";
		};
/* End PBXContainerItemProxy section */

/* Begin PBXFileReference section */
		9127A15C1DE28E4F00E645A2 /* LZTimer.h */ = {isa = PBXFileReference; fileEncoding = 4; lastKnownFileType = sourcecode.c.h; path = LZTimer.h; sourceTree = "<group>"; };
		9127A15D1DE28E4F00E645A2 /* LZTimer.m */ = {isa = PBXFileReference; fileEncoding = 4; lastKnownFileType = sourcecode.c.objc; path = LZTimer.m; sourceTree = "<group>"; };
		91E120C91DDC5B59005966FA /* LZLoopView-OC.app */ = {isa = PBXFileReference; explicitFileType = wrapper.application; includeInIndex = 0; path = "LZLoopView-OC.app"; sourceTree = BUILT_PRODUCTS_DIR; };
		91E120CD1DDC5B59005966FA /* main.m */ = {isa = PBXFileReference; lastKnownFileType = sourcecode.c.objc; path = main.m; sourceTree = "<group>"; };
		91E120CF1DDC5B59005966FA /* AppDelegate.h */ = {isa = PBXFileReference; lastKnownFileType = sourcecode.c.h; path = AppDelegate.h; sourceTree = "<group>"; };
		91E120D01DDC5B59005966FA /* AppDelegate.m */ = {isa = PBXFileReference; lastKnownFileType = sourcecode.c.objc; path = AppDelegate.m; sourceTree = "<group>"; };
		91E120D21DDC5B59005966FA /* ViewController.h */ = {isa = PBXFileReference; lastKnownFileType = sourcecode.c.h; path = ViewController.h; sourceTree = "<group>"; };
		91E120D31DDC5B59005966FA /* ViewController.m */ = {isa = PBXFileReference; lastKnownFileType = sourcecode.c.objc; path = ViewController.m; sourceTree = "<group>"; };
		91E120D61DDC5B59005966FA /* Base */ = {isa = PBXFileReference; lastKnownFileType = file.storyboard; name = Base; path = Base.lproj/Main.storyboard; sourceTree = "<group>"; };
		91E120D81DDC5B59005966FA /* Assets.xcassets */ = {isa = PBXFileReference; lastKnownFileType = folder.assetcatalog; path = Assets.xcassets; sourceTree = "<group>"; };
		91E120DB1DDC5B59005966FA /* Base */ = {isa = PBXFileReference; lastKnownFileType = file.storyboard; name = Base; path = Base.lproj/LaunchScreen.storyboard; sourceTree = "<group>"; };
		91E120DD1DDC5B59005966FA /* Info.plist */ = {isa = PBXFileReference; lastKnownFileType = text.plist.xml; path = Info.plist; sourceTree = "<group>"; };
		91E120E21DDC5B59005966FA /* LZLoopView-OCUITests.xctest */ = {isa = PBXFileReference; explicitFileType = wrapper.cfbundle; includeInIndex = 0; path = "LZLoopView-OCUITests.xctest"; sourceTree = BUILT_PRODUCTS_DIR; };
		91E120E61DDC5B59005966FA /* LZLoopView_OCUITests.m */ = {isa = PBXFileReference; lastKnownFileType = sourcecode.c.objc; path = LZLoopView_OCUITests.m; sourceTree = "<group>"; };
		91E120E81DDC5B59005966FA /* Info.plist */ = {isa = PBXFileReference; lastKnownFileType = text.plist.xml; path = Info.plist; sourceTree = "<group>"; };
		91E120F21DDC5C00005966FA /* LZLoopView.h */ = {isa = PBXFileReference; fileEncoding = 4; lastKnownFileType = sourcecode.c.h; path = LZLoopView.h; sourceTree = "<group>"; };
		91E120F31DDC5C00005966FA /* LZLoopView.m */ = {isa = PBXFileReference; fileEncoding = 4; lastKnownFileType = sourcecode.c.objc; path = LZLoopView.m; sourceTree = "<group>"; };
		91E6D6951DDD3CE800685864 /* TestViewController.h */ = {isa = PBXFileReference; fileEncoding = 4; lastKnownFileType = sourcecode.c.h; path = TestViewController.h; sourceTree = "<group>"; };
		91E6D6961DDD3CE800685864 /* TestViewController.m */ = {isa = PBXFileReference; fileEncoding = 4; lastKnownFileType = sourcecode.c.objc; path = TestViewController.m; sourceTree = "<group>"; };
		91E6D6981DDD3E6100685864 /* findCar_topBanner01@2x.png */ = {isa = PBXFileReference; lastKnownFileType = image.png; path = "findCar_topBanner01@2x.png"; sourceTree = "<group>"; };
		91E6D6991DDD3E6100685864 /* findCar_topBanner02@2x.png */ = {isa = PBXFileReference; lastKnownFileType = image.png; path = "findCar_topBanner02@2x.png"; sourceTree = "<group>"; };
		91E6D69A1DDD3E6100685864 /* findCar_topBanner03@2x.png */ = {isa = PBXFileReference; lastKnownFileType = image.png; path = "findCar_topBanner03@2x.png"; sourceTree = "<group>"; };
		91E6D69B1DDD3E6100685864 /* findCar_topBanner04@2x.png */ = {isa = PBXFileReference; lastKnownFileType = image.png; path = "findCar_topBanner04@2x.png"; sourceTree = "<group>"; };
		91E6D6A31DDD414800685864 /* LZLoopViewCell.h */ = {isa = PBXFileReference; fileEncoding = 4; lastKnownFileType = sourcecode.c.h; path = LZLoopViewCell.h; sourceTree = "<group>"; };
		91E6D6A41DDD414800685864 /* LZLoopViewCell.m */ = {isa = PBXFileReference; fileEncoding = 4; lastKnownFileType = sourcecode.c.objc; path = LZLoopViewCell.m; sourceTree = "<group>"; };
/* End PBXFileReference section */

/* Begin PBXFrameworksBuildPhase section */
		91E120C61DDC5B59005966FA /* Frameworks */ = {
			isa = PBXFrameworksBuildPhase;
			buildActionMask = 2147483647;
			files = (
			);
			runOnlyForDeploymentPostprocessing = 0;
		};
		91E120DF1DDC5B59005966FA /* Frameworks */ = {
			isa = PBXFrameworksBuildPhase;
			buildActionMask = 2147483647;
			files = (
			);
			runOnlyForDeploymentPostprocessing = 0;
		};
/* End PBXFrameworksBuildPhase section */

/* Begin PBXGroup section */
		91E120C01DDC5B59005966FA = {
			isa = PBXGroup;
			children = (
				91E120CB1DDC5B59005966FA /* LZLoopView-OC */,
				91E120E51DDC5B59005966FA /* LZLoopView-OCUITests */,
				91E120CA1DDC5B59005966FA /* Products */,
			);
			sourceTree = "<group>";
		};
		91E120CA1DDC5B59005966FA /* Products */ = {
			isa = PBXGroup;
			children = (
				91E120C91DDC5B59005966FA /* LZLoopView-OC.app */,
				91E120E21DDC5B59005966FA /* LZLoopView-OCUITests.xctest */,
			);
			name = Products;
			sourceTree = "<group>";
		};
		91E120CB1DDC5B59005966FA /* LZLoopView-OC */ = {
			isa = PBXGroup;
			children = (
				91E6D6981DDD3E6100685864 /* findCar_topBanner01@2x.png */,
				91E6D6991DDD3E6100685864 /* findCar_topBanner02@2x.png */,
				91E6D69A1DDD3E6100685864 /* findCar_topBanner03@2x.png */,
				91E6D69B1DDD3E6100685864 /* findCar_topBanner04@2x.png */,
				91E120F11DDC5BEF005966FA /* LZLoopView */,
				91E120CF1DDC5B59005966FA /* AppDelegate.h */,
				91E120D01DDC5B59005966FA /* AppDelegate.m */,
				91E120D21DDC5B59005966FA /* ViewController.h */,
				91E120D31DDC5B59005966FA /* ViewController.m */,
				91E6D6951DDD3CE800685864 /* TestViewController.h */,
				91E6D6961DDD3CE800685864 /* TestViewController.m */,
				91E120D51DDC5B59005966FA /* Main.storyboard */,
				91E120D81DDC5B59005966FA /* Assets.xcassets */,
				91E120DA1DDC5B59005966FA /* LaunchScreen.storyboard */,
				91E120DD1DDC5B59005966FA /* Info.plist */,
				91E120CC1DDC5B59005966FA /* Supporting Files */,
			);
			path = "LZLoopView-OC";
			sourceTree = "<group>";
		};
		91E120CC1DDC5B59005966FA /* Supporting Files */ = {
			isa = PBXGroup;
			children = (
				91E120CD1DDC5B59005966FA /* main.m */,
			);
			name = "Supporting Files";
			sourceTree = "<group>";
		};
		91E120E51DDC5B59005966FA /* LZLoopView-OCUITests */ = {
			isa = PBXGroup;
			children = (
				91E120E61DDC5B59005966FA /* LZLoopView_OCUITests.m */,
				91E120E81DDC5B59005966FA /* Info.plist */,
			);
			path = "LZLoopView-OCUITests";
			sourceTree = "<group>";
		};
		91E120F11DDC5BEF005966FA /* LZLoopView */ = {
			isa = PBXGroup;
			children = (
				91E120F21DDC5C00005966FA /* LZLoopView.h */,
				91E120F31DDC5C00005966FA /* LZLoopView.m */,
				9127A15C1DE28E4F00E645A2 /* LZTimer.h */,
				9127A15D1DE28E4F00E645A2 /* LZTimer.m */,
				91E6D6A31DDD414800685864 /* LZLoopViewCell.h */,
				91E6D6A41DDD414800685864 /* LZLoopViewCell.m */,
			);
			path = LZLoopView;
			sourceTree = "<group>";
		};
/* End PBXGroup section */

/* Begin PBXNativeTarget section */
		91E120C81DDC5B59005966FA /* LZLoopView-OC */ = {
			isa = PBXNativeTarget;
			buildConfigurationList = 91E120EB1DDC5B59005966FA /* Build configuration list for PBXNativeTarget "LZLoopView-OC" */;
			buildPhases = (
				91E120C51DDC5B59005966FA /* Sources */,
				91E120C61DDC5B59005966FA /* Frameworks */,
				91E120C71DDC5B59005966FA /* Resources */,
			);
			buildRules = (
			);
			dependencies = (
			);
			name = "LZLoopView-OC";
			productName = "LZLoopView-OC";
			productReference = 91E120C91DDC5B59005966FA /* LZLoopView-OC.app */;
			productType = "com.apple.product-type.application";
		};
		91E120E11DDC5B59005966FA /* LZLoopView-OCUITests */ = {
			isa = PBXNativeTarget;
			buildConfigurationList = 91E120EE1DDC5B59005966FA /* Build configuration list for PBXNativeTarget "LZLoopView-OCUITests" */;
			buildPhases = (
				91E120DE1DDC5B59005966FA /* Sources */,
				91E120DF1DDC5B59005966FA /* Frameworks */,
				91E120E01DDC5B59005966FA /* Resources */,
			);
			buildRules = (
			);
			dependencies = (
				91E120E41DDC5B59005966FA /* PBXTargetDependency */,
			);
			name = "LZLoopView-OCUITests";
			productName = "LZLoopView-OCUITests";
			productReference = 91E120E21DDC5B59005966FA /* LZLoopView-OCUITests.xctest */;
			productType = "com.apple.product-type.bundle.ui-testing";
		};
/* End PBXNativeTarget section */

/* Begin PBXProject section */
		91E120C11DDC5B59005966FA /* Project object */ = {
			isa = PBXProject;
			attributes = {
				LastUpgradeCheck = 0810;
				ORGANIZATIONNAME = Artup;
				TargetAttributes = {
					91E120C81DDC5B59005966FA = {
						CreatedOnToolsVersion = 8.1;
						ProvisioningStyle = Automatic;
					};
					91E120E11DDC5B59005966FA = {
						CreatedOnToolsVersion = 8.1;
						ProvisioningStyle = Automatic;
						TestTargetID = 91E120C81DDC5B59005966FA;
					};
				};
			};
			buildConfigurationList = 91E120C41DDC5B59005966FA /* Build configuration list for PBXProject "LZLoopView-OC" */;
			compatibilityVersion = "Xcode 3.2";
			developmentRegion = English;
			hasScannedForEncodings = 0;
			knownRegions = (
				en,
				Base,
			);
			mainGroup = 91E120C01DDC5B59005966FA;
			productRefGroup = 91E120CA1DDC5B59005966FA /* Products */;
			projectDirPath = "";
			projectRoot = "";
			targets = (
				91E120C81DDC5B59005966FA /* LZLoopView-OC */,
				91E120E11DDC5B59005966FA /* LZLoopView-OCUITests */,
			);
		};
/* End PBXProject section */

/* Begin PBXResourcesBuildPhase section */
		91E120C71DDC5B59005966FA /* Resources */ = {
			isa = PBXResourcesBuildPhase;
			buildActionMask = 2147483647;
			files = (
				91E120DC1DDC5B59005966FA /* LaunchScreen.storyboard in Resources */,
				91E6D69E1DDD3E6100685864 /* findCar_topBanner03@2x.png in Resources */,
				91E120D91DDC5B59005966FA /* Assets.xcassets in Resources */,
				91E6D69D1DDD3E6100685864 /* findCar_topBanner02@2x.png in Resources */,
				91E120D71DDC5B59005966FA /* Main.storyboard in Resources */,
				91E6D69C1DDD3E6100685864 /* findCar_topBanner01@2x.png in Resources */,
				91E6D69F1DDD3E6100685864 /* findCar_topBanner04@2x.png in Resources */,
			);
			runOnlyForDeploymentPostprocessing = 0;
		};
		91E120E01DDC5B59005966FA /* Resources */ = {
			isa = PBXResourcesBuildPhase;
			buildActionMask = 2147483647;
			files = (
			);
			runOnlyForDeploymentPostprocessing = 0;
		};
/* End PBXResourcesBuildPhase section */

/* Begin PBXSourcesBuildPhase section */
		91E120C51DDC5B59005966FA /* Sources */ = {
			isa = PBXSourcesBuildPhase;
			buildActionMask = 2147483647;
			files = (
				91E120D41DDC5B59005966FA /* ViewController.m in Sources */,
				91E120D11DDC5B59005966FA /* AppDelegate.m in Sources */,
				9127A15E1DE28E4F00E645A2 /* LZTimer.m in Sources */,
				91E120F41DDC5C00005966FA /* LZLoopView.m in Sources */,
				91E120CE1DDC5B59005966FA /* main.m in Sources */,
				91E6D6A51DDD414800685864 /* LZLoopViewCell.m in Sources */,
				91E6D6971DDD3CE800685864 /* TestViewController.m in Sources */,
			);
			runOnlyForDeploymentPostprocessing = 0;
		};
		91E120DE1DDC5B59005966FA /* Sources */ = {
			isa = PBXSourcesBuildPhase;
			buildActionMask = 2147483647;
			files = (
				91E120E71DDC5B59005966FA /* LZLoopView_OCUITests.m in Sources */,
			);
			runOnlyForDeploymentPostprocessing = 0;
		};
/* End PBXSourcesBuildPhase section */

/* Begin PBXTargetDependency section */
		91E120E41DDC5B59005966FA /* PBXTargetDependency */ = {
			isa = PBXTargetDependency;
			target = 91E120C81DDC5B59005966FA /* LZLoopView-OC */;
			targetProxy = 91E120E31DDC5B59005966FA /* PBXContainerItemProxy */;
		};
/* End PBXTargetDependency section */

/* Begin PBXVariantGroup section */
		91E120D51DDC5B59005966FA /* Main.storyboard */ = {
			isa = PBXVariantGroup;
			children = (
				91E120D61DDC5B59005966FA /* Base */,
			);
			name = Main.storyboard;
			sourceTree = "<group>";
		};
		91E120DA1DDC5B59005966FA /* LaunchScreen.storyboard */ = {
			isa = PBXVariantGroup;
			children = (
				91E120DB1DDC5B59005966FA /* Base */,
			);
			name = LaunchScreen.storyboard;
			sourceTree = "<group>";
		};
/* End PBXVariantGroup section */

/* Begin XCBuildConfiguration section */
		91E120E91DDC5B59005966FA /* Debug */ = {
			isa = XCBuildConfiguration;
			buildSettings = {
				ALWAYS_SEARCH_USER_PATHS = NO;
				CLANG_ANALYZER_NONNULL = YES;
				CLANG_CXX_LANGUAGE_STANDARD = "gnu++0x";
				CLANG_CXX_LIBRARY = "libc++";
				CLANG_ENABLE_MODULES = YES;
				CLANG_ENABLE_OBJC_ARC = YES;
				CLANG_WARN_BOOL_CONVERSION = YES;
				CLANG_WARN_CONSTANT_CONVERSION = YES;
				CLANG_WARN_DIRECT_OBJC_ISA_USAGE = YES_ERROR;
				CLANG_WARN_DOCUMENTATION_COMMENTS = YES;
				CLANG_WARN_EMPTY_BODY = YES;
				CLANG_WARN_ENUM_CONVERSION = YES;
				CLANG_WARN_INFINITE_RECURSION = YES;
				CLANG_WARN_INT_CONVERSION = YES;
				CLANG_WARN_OBJC_ROOT_CLASS = YES_ERROR;
				CLANG_WARN_SUSPICIOUS_MOVES = YES;
				CLANG_WARN_UNREACHABLE_CODE = YES;
				CLANG_WARN__DUPLICATE_METHOD_MATCH = YES;
				"CODE_SIGN_IDENTITY[sdk=iphoneos*]" = "iPhone Developer";
				COPY_PHASE_STRIP = NO;
				DEBUG_INFORMATION_FORMAT = dwarf;
				ENABLE_STRICT_OBJC_MSGSEND = YES;
				ENABLE_TESTABILITY = YES;
				GCC_C_LANGUAGE_STANDARD = gnu99;
				GCC_DYNAMIC_NO_PIC = NO;
				GCC_NO_COMMON_BLOCKS = YES;
				GCC_OPTIMIZATION_LEVEL = 0;
				GCC_PREPROCESSOR_DEFINITIONS = (
					"DEBUG=1",
					"$(inherited)",
				);
				GCC_WARN_64_TO_32_BIT_CONVERSION = YES;
				GCC_WARN_ABOUT_RETURN_TYPE = YES_ERROR;
				GCC_WARN_UNDECLARED_SELECTOR = YES;
				GCC_WARN_UNINITIALIZED_AUTOS = YES_AGGRESSIVE;
				GCC_WARN_UNUSED_FUNCTION = YES;
				GCC_WARN_UNUSED_VARIABLE = YES;
				IPHONEOS_DEPLOYMENT_TARGET = 10.1;
				MTL_ENABLE_DEBUG_INFO = YES;
				ONLY_ACTIVE_ARCH = YES;
				SDKROOT = iphoneos;
				TARGETED_DEVICE_FAMILY = "1,2";
			};
			name = Debug;
		};
		91E120EA1DDC5B59005966FA /* Release */ = {
			isa = XCBuildConfiguration;
			buildSettings = {
				ALWAYS_SEARCH_USER_PATHS = NO;
				CLANG_ANALYZER_NONNULL = YES;
				CLANG_CXX_LANGUAGE_STANDARD = "gnu++0x";
				CLANG_CXX_LIBRARY = "libc++";
				CLANG_ENABLE_MODULES = YES;
				CLANG_ENABLE_OBJC_ARC = YES;
				CLANG_WARN_BOOL_CONVERSION = YES;
				CLANG_WARN_CONSTANT_CONVERSION = YES;
				CLANG_WARN_DIRECT_OBJC_ISA_USAGE = YES_ERROR;
				CLANG_WARN_DOCUMENTATION_COMMENTS = YES;
				CLANG_WARN_EMPTY_BODY = YES;
				CLANG_WARN_ENUM_CONVERSION = YES;
				CLANG_WARN_INFINITE_RECURSION = YES;
				CLANG_WARN_INT_CONVERSION = YES;
				CLANG_WARN_OBJC_ROOT_CLASS = YES_ERROR;
				CLANG_WARN_SUSPICIOUS_MOVES = YES;
				CLANG_WARN_UNREACHABLE_CODE = YES;
				CLANG_WARN__DUPLICATE_METHOD_MATCH = YES;
				"CODE_SIGN_IDENTITY[sdk=iphoneos*]" = "iPhone Developer";
				COPY_PHASE_STRIP = NO;
				DEBUG_INFORMATION_FORMAT = "dwarf-with-dsym";
				ENABLE_NS_ASSERTIONS = NO;
				ENABLE_STRICT_OBJC_MSGSEND = YES;
				GCC_C_LANGUAGE_STANDARD = gnu99;
				GCC_NO_COMMON_BLOCKS = YES;
				GCC_WARN_64_TO_32_BIT_CONVERSION = YES;
				GCC_WARN_ABOUT_RETURN_TYPE = YES_ERROR;
				GCC_WARN_UNDECLARED_SELECTOR = YES;
				GCC_WARN_UNINITIALIZED_AUTOS = YES_AGGRESSIVE;
				GCC_WARN_UNUSED_FUNCTION = YES;
				GCC_WARN_UNUSED_VARIABLE = YES;
				IPHONEOS_DEPLOYMENT_TARGET = 10.1;
				MTL_ENABLE_DEBUG_INFO = NO;
				SDKROOT = iphoneos;
				TARGETED_DEVICE_FAMILY = "1,2";
				VALIDATE_PRODUCT = YES;
			};
			name = Release;
		};
		91E120EC1DDC5B59005966FA /* Debug */ = {
			isa = XCBuildConfiguration;
			buildSettings = {
				ASSETCATALOG_COMPILER_APPICON_NAME = AppIcon;
				INFOPLIST_FILE = "LZLoopView-OC/Info.plist";
				LD_RUNPATH_SEARCH_PATHS = "$(inherited) @executable_path/Frameworks";
				PRODUCT_BUNDLE_IDENTIFIER = "com.artup.LZLoopView-OC";
				PRODUCT_NAME = "$(TARGET_NAME)";
			};
			name = Debug;
		};
		91E120ED1DDC5B59005966FA /* Release */ = {
			isa = XCBuildConfiguration;
			buildSettings = {
				ASSETCATALOG_COMPILER_APPICON_NAME = AppIcon;
				INFOPLIST_FILE = "LZLoopView-OC/Info.plist";
				LD_RUNPATH_SEARCH_PATHS = "$(inherited) @executable_path/Frameworks";
				PRODUCT_BUNDLE_IDENTIFIER = "com.artup.LZLoopView-OC";
				PRODUCT_NAME = "$(TARGET_NAME)";
			};
			name = Release;
		};
		91E120EF1DDC5B59005966FA /* Debug */ = {
			isa = XCBuildConfiguration;
			buildSettings = {
				INFOPLIST_FILE = "LZLoopView-OCUITests/Info.plist";
				LD_RUNPATH_SEARCH_PATHS = "$(inherited) @executable_path/Frameworks @loader_path/Frameworks";
				PRODUCT_BUNDLE_IDENTIFIER = "com.artup.LZLoopView-OCUITests";
				PRODUCT_NAME = "$(TARGET_NAME)";
				TEST_TARGET_NAME = "LZLoopView-OC";
			};
			name = Debug;
		};
		91E120F01DDC5B59005966FA /* Release */ = {
			isa = XCBuildConfiguration;
			buildSettings = {
				INFOPLIST_FILE = "LZLoopView-OCUITests/Info.plist";
				LD_RUNPATH_SEARCH_PATHS = "$(inherited) @executable_path/Frameworks @loader_path/Frameworks";
				PRODUCT_BUNDLE_IDENTIFIER = "com.artup.LZLoopView-OCUITests";
				PRODUCT_NAME = "$(TARGET_NAME)";
				TEST_TARGET_NAME = "LZLoopView-OC";
			};
			name = Release;
		};
/* End XCBuildConfiguration section */

/* Begin XCConfigurationList section */
		91E120C41DDC5B59005966FA /* Build configuration list for PBXProject "LZLoopView-OC" */ = {
			isa = XCConfigurationList;
			buildConfigurations = (
				91E120E91DDC5B59005966FA /* Debug */,
				91E120EA1DDC5B59005966FA /* Release */,
			);
			defaultConfigurationIsVisible = 0;
			defaultConfigurationName = Release;
		};
		91E120EB1DDC5B59005966FA /* Build configuration list for PBXNativeTarget "LZLoopView-OC" */ = {
			isa = XCConfigurationList;
			buildConfigurations = (
				91E120EC1DDC5B59005966FA /* Debug */,
				91E120ED1DDC5B59005966FA /* Release */,
			);
			defaultConfigurationIsVisible = 0;
			defaultConfigurationName = Release;
		};
		91E120EE1DDC5B59005966FA /* Build configuration list for PBXNativeTarget "LZLoopView-OCUITests" */ = {
			isa = XCConfigurationList;
			buildConfigurations = (
				91E120EF1DDC5B59005966FA /* Debug */,
				91E120F01DDC5B59005966FA /* Release */,
			);
			defaultConfigurationIsVisible = 0;
			defaultConfigurationName = Release;
		};
/* End XCConfigurationList section */
	};
	rootObject = 91E120C11DDC5B59005966FA /* Project object */;
}
